
Microsoft Visual Studio Solution File, Format Version 11.00
# Visual Studio 2010
Project("{FAE04EC0-301F-11D3-BF4B-00C04F79EFBC}") = "T034", "T034\T034.csproj", "{8196906D-5E35-44FE-BD8C-0E0941680B41}"
EndProject
Project("{FAE04EC0-301F-11D3-BF4B-00C04F79EFBC}") = "Db", "T034.Db\Db.csproj", "{EE87A612-15E2-4801-98B5-AA8CC579628A}"
EndProject
Project("{FAE04EC0-301F-11D3-BF4B-00C04F79EFBC}") = "Migrator.Console", "Migrator\Migrator.Console.csproj", "{E7E034EB-AABD-42BF-BC17-BD65CE75AA4D}"
EndProject
Project("{FAE04EC0-301F-11D3-BF4B-00C04F79EFBC}") = "Db.Test", "Db.Test\Db.Test.csproj", "{2AB6F43D-587A-4399-9536-94DA5FC03065}"
EndProject
Global
	GlobalSection(SolutionConfigurationPlatforms) = preSolution
		Debug|Any CPU = Debug|Any CPU
		Debug|Mixed Platforms = Debug|Mixed Platforms
		Debug|x86 = Debug|x86
		Release|Any CPU = Release|Any CPU
		Release|Mixed Platforms = Release|Mixed Platforms
		Release|x86 = Release|x86
	EndGlobalSection
	GlobalSection(ProjectConfigurationPlatforms) = postSolution
		{8196906D-5E35-44FE-BD8C-0E0941680B41}.Debug|Any CPU.ActiveCfg = Debug|Any CPU
		{8196906D-5E35-44FE-BD8C-0E0941680B41}.Debug|Any CPU.Build.0 = Debug|Any CPU
		{8196906D-5E35-44FE-BD8C-0E0941680B41}.Debug|Mixed Platforms.ActiveCfg = Debug|Any CPU
		{8196906D-5E35-44FE-BD8C-0E0941680B41}.Debug|Mixed Platforms.Build.0 = Debug|Any CPU
		{8196906D-5E35-44FE-BD8C-0E0941680B41}.Debug|x86.ActiveCfg = Debug|Any CPU
		{8196906D-5E35-44FE-BD8C-0E0941680B41}.Release|Any CPU.ActiveCfg = Release|Any CPU
		{8196906D-5E35-44FE-BD8C-0E0941680B41}.Release|Any CPU.Build.0 = Release|Any CPU
		{8196906D-5E35-44FE-BD8C-0E0941680B41}.Release|Mixed Platforms.ActiveCfg = Release|Any CPU
		{8196906D-5E35-44FE-BD8C-0E0941680B41}.Release|Mixed Platforms.Build.0 = Release|Any CPU
		{8196906D-5E35-44FE-BD8C-0E0941680B41}.Release|x86.ActiveCfg = Release|Any CPU
		{EE87A612-15E2-4801-98B5-AA8CC579628A}.Debug|Any CPU.ActiveCfg = Debug|Any CPU
		{EE87A612-15E2-4801-98B5-AA8CC579628A}.Debug|Any CPU.Build.0 = Debug|Any CPU
		{EE87A612-15E2-4801-98B5-AA8CC579628A}.Debug|Mixed Platforms.ActiveCfg = Debug|Any CPU
		{EE87A612-15E2-4801-98B5-AA8CC579628A}.Debug|Mixed Platforms.Build.0 = Debug|Any CPU
		{EE87A612-15E2-4801-98B5-AA8CC579628A}.Debug|x86.ActiveCfg = Debug|Any CPU
		{EE87A612-15E2-4801-98B5-AA8CC579628A}.Release|Any CPU.ActiveCfg = Release|Any CPU
		{EE87A612-15E2-4801-98B5-AA8CC579628A}.Release|Any CPU.Build.0 = Release|Any CPU
		{EE87A612-15E2-4801-98B5-AA8CC579628A}.Release|Mixed Platforms.ActiveCfg = Release|Any CPU
		{EE87A612-15E2-4801-98B5-AA8CC579628A}.Release|Mixed Platforms.Build.0 = Release|Any CPU
		{EE87A612-15E2-4801-98B5-AA8CC579628A}.Release|x86.ActiveCfg = Release|Any CPU
		{E7E034EB-AABD-42BF-BC17-BD65CE75AA4D}.Debug|Any CPU.ActiveCfg = Debug|x86
		{E7E034EB-AABD-42BF-BC17-BD65CE75AA4D}.Debug|Mixed Platforms.ActiveCfg = Debug|x86
		{E7E034EB-AABD-42BF-BC17-BD65CE75AA4D}.Debug|Mixed Platforms.Build.0 = Debug|x86
		{E7E034EB-AABD-42BF-BC17-BD65CE75AA4D}.Debug|x86.ActiveCfg = Debug|x86
		{E7E034EB-AABD-42BF-BC17-BD65CE75AA4D}.Debug|x86.Build.0 = Debug|x86
		{E7E034EB-AABD-42BF-BC17-BD65CE75AA4D}.Release|Any CPU.ActiveCfg = Release|x86
		{E7E034EB-AABD-42BF-BC17-BD65CE75AA4D}.Release|Mixed Platforms.ActiveCfg = Release|x86
		{E7E034EB-AABD-42BF-BC17-BD65CE75AA4D}.Release|Mixed Platforms.Build.0 = Release|x86
		{E7E034EB-AABD-42BF-BC17-BD65CE75AA4D}.Release|x86.ActiveCfg = Release|x86
		{E7E034EB-AABD-42BF-BC17-BD65CE75AA4D}.Release|x86.Build.0 = Release|x86
		{2AB6F43D-587A-4399-9536-94DA5FC03065}.Debug|Any CPU.ActiveCfg = Debug|Any CPU
		{2AB6F43D-587A-4399-9536-94DA5FC03065}.Debug|Any CPU.Build.0 = Debug|Any CPU
		{2AB6F43D-587A-4399-9536-94DA5FC03065}.Debug|Mixed Platforms.ActiveCfg = Debug|Any CPU
		{2AB6F43D-587A-4399-9536-94DA5FC03065}.Debug|Mixed Platforms.Build.0 = Debug|Any CPU
		{2AB6F43D-587A-4399-9536-94DA5FC03065}.Debug|x86.ActiveCfg = Debug|Any CPU
		{2AB6F43D-587A-4399-9536-94DA5FC03065}.Release|Any CPU.ActiveCfg = Release|Any CPU
		{2AB6F43D-587A-4399-9536-94DA5FC03065}.Release|Any CPU.Build.0 = Release|Any CPU
		{2AB6F43D-587A-4399-9536-94DA5FC03065}.Release|Mixed Platforms.ActiveCfg = Release|Any CPU
		{2AB6F43D-587A-4399-9536-94DA5FC03065}.Release|Mixed Platforms.Build.0 = Release|Any CPU
		{2AB6F43D-587A-4399-9536-94DA5FC03065}.Release|x86.ActiveCfg = Release|Any CPU
	EndGlobalSection
	GlobalSection(SolutionProperties) = preSolution
		HideSolutionNode = FALSE
	EndGlobalSection
EndGlobal
